# Generated by pub
# See https://dart.dev/tools/pub/glossary#lockfile
packages:
  agent_dart:
    dependency: transitive
    description:
      name: agent_dart
      sha256: "73b25197bd659fcc9fdd78533ec0f62563f0c12aa1c12731d87e44760be2b9f4"
      url: "https://pub.dev"
    source: hosted
    version: "1.0.0-dev.17"
  archive:
    dependency: transitive
    description:
      name: archive
      sha256: "7e0d52067d05f2e0324268097ba723b71cb41ac8a6a2b24d1edf9c536b987b03"
      url: "https://pub.dev"
    source: hosted
    version: "3.4.6"
  args:
    dependency: transitive
    description:
      name: args
      sha256: eef6c46b622e0494a36c5a12d10d77fb4e855501a91c1b9ef9339326e58f0596
      url: "https://pub.dev"
    source: hosted
    version: "2.4.2"
  async:
    dependency: transitive
    description:
      name: async
      sha256: "947bfcf187f74dbc5e146c9eb9c0f10c9f8b30743e341481c1e2ed3ecc18c20c"
      url: "https://pub.dev"
    source: hosted
    version: "2.11.0"
  basic_utils:
    dependency: transitive
    description:
      name: basic_utils
      sha256: c4f6b890f961ee3d6f70e2d65be99839055a4b4d1bb12c778d26b53e96eb33aa
      url: "https://pub.dev"
    source: hosted
    version: "4.5.2"
  bip32:
    dependency: transitive
    description:
      name: bip32
      sha256: "54787cd7a111e9d37394aabbf53d1fc5e2e0e0af2cd01c459147a97c0e3f8a97"
      url: "https://pub.dev"
    source: hosted
    version: "2.0.0"
  bip39:
    dependency: transitive
    description:
      name: bip39
      sha256: de1ee27ebe7d96b84bb3a04a4132a0a3007dcdd5ad27dd14aa87a29d97c45edc
      url: "https://pub.dev"
    source: hosted
    version: "1.0.6"
  blockchain_signer:
    dependency: transitive
    description:
      name: blockchain_signer
      sha256: aa62c62df1fec11dbce7516444715ae492862ebdf3108b8b464a1909827963cd
      url: "https://pub.dev"
    source: hosted
    version: "0.1.0"
  boolean_selector:
    dependency: transitive
    description:
      name: boolean_selector
      sha256: "6cfb5af12253eaf2b368f07bacc5a80d1301a071c73360d746b7f2e32d762c66"
      url: "https://pub.dev"
    source: hosted
    version: "2.1.1"
  bs58check:
    dependency: transitive
    description:
      name: bs58check
      sha256: c4a164d42b25c2f6bc88a8beccb9fc7d01440f3c60ba23663a20a70faf484ea9
      url: "https://pub.dev"
    source: hosted
    version: "1.0.2"
  build_cli_annotations:
    dependency: transitive
    description:
      name: build_cli_annotations
      sha256: b59d2769769efd6c9ff6d4c4cede0be115a566afc591705c2040b707534b1172
      url: "https://pub.dev"
    source: hosted
    version: "2.1.0"
  cbor:
    dependency: transitive
    description:
      name: cbor
      sha256: "1e0094d5f034c9dfc23f46cf8f8550da1d537c6f5c4ca196a7e02de80d7bbd55"
      url: "https://pub.dev"
    source: hosted
    version: "4.1.0"
  characters:
    dependency: transitive
    description:
      name: characters
      sha256: "04a925763edad70e8443c99234dc3328f442e811f1d8fd1a72f1c8ad0f69a605"
      url: "https://pub.dev"
    source: hosted
    version: "1.3.0"
  clock:
    dependency: transitive
    description:
      name: clock
      sha256: cb6d7f03e1de671e34607e909a7213e31d7752be4fb66a86d29fe1eb14bfb5cf
      url: "https://pub.dev"
    source: hosted
    version: "1.1.1"
  collection:
    dependency: transitive
    description:
      name: collection
      sha256: f092b211a4319e98e5ff58223576de6c2803db36221657b46c82574721240687
      url: "https://pub.dev"
    source: hosted
    version: "1.17.2"
  convert:
    dependency: transitive
    description:
      name: convert
      sha256: "0f08b14755d163f6e2134cb58222dd25ea2a2ee8a195e53983d57c075324d592"
      url: "https://pub.dev"
    source: hosted
    version: "3.1.1"
  crypto:
    dependency: transitive
    description:
      name: crypto
      sha256: ff625774173754681d66daaf4a448684fb04b78f902da9cb3d308c19cc5e8bab
      url: "https://pub.dev"
    source: hosted
    version: "3.0.3"
  cupertino_icons:
    dependency: "direct main"
    description:
      name: cupertino_icons
      sha256: d57953e10f9f8327ce64a508a355f0b1ec902193f66288e8cb5070e7c47eeb2d
      url: "https://pub.dev"
    source: hosted
    version: "1.0.6"
  eip1559:
    dependency: transitive
    description:
      name: eip1559
      sha256: de454d6321bd753eb79116e9ec4f8df20895c2e97f9a3839a032f3a728985516
      url: "https://pub.dev"
    source: hosted
    version: "0.6.1"
  eip55:
    dependency: transitive
    description:
      name: eip55
      sha256: "213a9b86add87a5216328e8494b0ab836e401210c4d55eb5e521bd39e39169e1"
      url: "https://pub.dev"
    source: hosted
    version: "1.0.2"
  fake_async:
    dependency: transitive
    description:
      name: fake_async
      sha256: "511392330127add0b769b75a987850d136345d9227c6b94c96a04cf4a391bf78"
      url: "https://pub.dev"
    source: hosted
    version: "1.3.1"
  ffi:
    dependency: transitive
    description:
      name: ffi
      sha256: "7bf0adc28a23d395f19f3f1eb21dd7cfd1dd9f8e1c50051c069122e6853bc878"
      url: "https://pub.dev"
    source: hosted
    version: "2.1.0"
  fixnum:
    dependency: transitive
    description:
      name: fixnum
      sha256: "25517a4deb0c03aa0f32fd12db525856438902d9c16536311e76cdc57b31d7d1"
      url: "https://pub.dev"
    source: hosted
    version: "1.1.0"
  flutter:
    dependency: "direct main"
    description: flutter
    source: sdk
    version: "0.0.0"
  flutter_lints:
    dependency: "direct dev"
    description:
      name: flutter_lints
      sha256: a25a15ebbdfc33ab1cd26c63a6ee519df92338a9c10f122adda92938253bef04
      url: "https://pub.dev"
    source: hosted
    version: "2.0.3"
  flutter_rust_bridge:
    dependency: transitive
    description:
      name: flutter_rust_bridge
      sha256: e12415c3bce49bcbc3fed383f0ea41ad7d828f6cf0eccba0588ffa5a812fe522
      url: "https://pub.dev"
    source: hosted
    version: "1.82.1"
  flutter_test:
    dependency: "direct dev"
    description: flutter
    source: sdk
    version: "0.0.0"
  flutter_web_plugins:
    dependency: transitive
    description: flutter
    source: sdk
    version: "0.0.0"
  hex:
    dependency: transitive
    description:
      name: hex
      sha256: "4e7cd54e4b59ba026432a6be2dd9d96e4c5205725194997193bf871703b82c4a"
      url: "https://pub.dev"
    source: hosted
    version: "0.2.0"
  http:
    dependency: transitive
    description:
      name: http
      sha256: "5895291c13fa8a3bd82e76d5627f69e0d85ca6a30dcac95c4ea19a5d555879c2"
      url: "https://pub.dev"
    source: hosted
    version: "0.13.6"
  http_parser:
    dependency: transitive
    description:
      name: http_parser
      sha256: "2aa08ce0341cc9b354a498388e30986515406668dbcc4f7c950c3e715496693b"
      url: "https://pub.dev"
    source: hosted
    version: "4.0.2"
  js:
    dependency: transitive
    description:
      name: js
      sha256: f2c445dce49627136094980615a031419f7f3eb393237e4ecd97ac15dea343f3
      url: "https://pub.dev"
    source: hosted
    version: "0.6.7"
  json_annotation:
    dependency: transitive
    description:
      name: json_annotation
      sha256: b10a7b2ff83d83c777edba3c6a0f97045ddadd56c944e1a23a3fdf43a1bf4467
      url: "https://pub.dev"
    source: hosted
    version: "4.8.1"
  json_rpc_2:
    dependency: transitive
    description:
      name: json_rpc_2
      sha256: "5e469bffa23899edacb7b22787780068d650b106a21c76db3c49218ab7ca447e"
      url: "https://pub.dev"
    source: hosted
    version: "3.0.2"
  lints:
    dependency: transitive
    description:
      name: lints
      sha256: "0a217c6c989d21039f1498c3ed9f3ed71b354e69873f13a8dfc3c9fe76f1b452"
      url: "https://pub.dev"
    source: hosted
    version: "2.1.1"
  logging:
    dependency: transitive
    description:
      name: logging
      sha256: "623a88c9594aa774443aa3eb2d41807a48486b5613e67599fb4c41c0ad47c340"
      url: "https://pub.dev"
    source: hosted
    version: "1.2.0"
  magic_sdk:
    dependency: "direct main"
    description:
      name: magic_sdk
      sha256: "7f80075edc1d3fe7bdd5b712e075543eabf1f5b5c969dcb92a86ec7fff6cc6cb"
      url: "https://pub.dev"
    source: hosted
    version: "4.1.3"
  matcher:
    dependency: transitive
    description:
      name: matcher
      sha256: "1803e76e6653768d64ed8ff2e1e67bea3ad4b923eb5c56a295c3e634bad5960e"
      url: "https://pub.dev"
    source: hosted
    version: "0.12.16"
  material_color_utilities:
    dependency: transitive
    description:
      name: material_color_utilities
      sha256: "9528f2f296073ff54cb9fee677df673ace1218163c3bc7628093e7eed5203d41"
      url: "https://pub.dev"
    source: hosted
    version: "0.5.0"
  meta:
    dependency: transitive
    description:
      name: meta
      sha256: "3c74dbf8763d36539f114c799d8a2d87343b5067e9d796ca22b5eb8437090ee3"
      url: "https://pub.dev"
    source: hosted
    version: "1.9.1"
  mime:
    dependency: transitive
    description:
      name: mime
      sha256: e4ff8e8564c03f255408decd16e7899da1733852a9110a58fe6d1b817684a63e
      url: "https://pub.dev"
    source: hosted
    version: "1.0.4"
  package_info_plus:
    dependency: transitive
    description:
      name: package_info_plus
      sha256: "10259b111176fba5c505b102e3a5b022b51dd97e30522e906d6922c745584745"
      url: "https://pub.dev"
    source: hosted
    version: "3.1.2"
  package_info_plus_platform_interface:
    dependency: transitive
    description:
      name: package_info_plus_platform_interface
      sha256: "9bc8ba46813a4cc42c66ab781470711781940780fd8beddd0c3da62506d3a6c6"
      url: "https://pub.dev"
    source: hosted
    version: "2.0.1"
  path:
    dependency: transitive
    description:
      name: path
      sha256: "8829d8a55c13fc0e37127c29fedf290c102f4e40ae94ada574091fe0ff96c917"
      url: "https://pub.dev"
    source: hosted
    version: "1.8.3"
  petitparser:
    dependency: transitive
    description:
      name: petitparser
      sha256: eeb2d1428ee7f4170e2bd498827296a18d4e7fc462b71727d111c0ac7707cfa6
      url: "https://pub.dev"
    source: hosted
    version: "6.0.1"
  pinenacl:
    dependency: transitive
    description:
      name: pinenacl
      sha256: e5fb0bce1717b7f136f35ee98b5c02b3e6383211f8a77ca882fa7812232a07b9
      url: "https://pub.dev"
    source: hosted
    version: "0.3.4"
  plugin_platform_interface:
    dependency: transitive
    description:
      name: plugin_platform_interface
      sha256: da3fdfeccc4d4ff2da8f8c556704c08f912542c5fb3cf2233ed75372384a034d
      url: "https://pub.dev"
    source: hosted
    version: "2.1.6"
  pointycastle:
    dependency: transitive
    description:
      name: pointycastle
      sha256: "7c1e5f0d23c9016c5bbd8b1473d0d3fb3fc851b876046039509e18e0c7485f2c"
      url: "https://pub.dev"
    source: hosted
    version: "3.7.3"
  pool:
    dependency: transitive
    description:
      name: pool
      sha256: "20fe868b6314b322ea036ba325e6fc0711a22948856475e2c2b6306e8ab39c2a"
      url: "https://pub.dev"
    source: hosted
    version: "1.5.1"
  protobuf:
    dependency: transitive
    description:
      name: protobuf
      sha256: "01dd9bd0fa02548bf2ceee13545d4a0ec6046459d847b6b061d8a27237108a08"
      url: "https://pub.dev"
    source: hosted
    version: "2.1.0"
  puppeteer:
    dependency: transitive
    description:
      name: puppeteer
      sha256: f35d26a1a37048c7c46e8aed8a2c51caa1e06f937d2302f6681ff350a5588982
      url: "https://pub.dev"
    source: hosted
    version: "3.5.0"
  recase:
    dependency: transitive
    description:
      name: recase
      sha256: e4eb4ec2dcdee52dcf99cb4ceabaffc631d7424ee55e56f280bc039737f89213
      url: "https://pub.dev"
    source: hosted
    version: "4.1.0"
  sec:
    dependency: transitive
    description:
      name: sec
      sha256: "8bbd56df884502192a441b5f5d667265498f2f8728a282beccd9db79e215f379"
      url: "https://pub.dev"
    source: hosted
    version: "1.1.0"
  secp256r1:
    dependency: transitive
    description:
      name: secp256r1
      sha256: e237ad8dec13d9be6a5a619c61246f4ae3552380925ca78d1f7a534d88eafd84
      url: "https://pub.dev"
    source: hosted
    version: "0.1.0-dev.7"
  shelf:
    dependency: transitive
    description:
      name: shelf
      sha256: ad29c505aee705f41a4d8963641f91ac4cee3c8fad5947e033390a7bd8180fa4
      url: "https://pub.dev"
    source: hosted
    version: "1.4.1"
  shelf_static:
    dependency: transitive
    description:
      name: shelf_static
      sha256: a41d3f53c4adf0f57480578c1d61d90342cd617de7fc8077b1304643c2d85c1e
      url: "https://pub.dev"
    source: hosted
    version: "1.1.2"
  shelf_web_socket:
    dependency: transitive
    description:
      name: shelf_web_socket
      sha256: "9ca081be41c60190ebcb4766b2486a7d50261db7bd0f5d9615f2d653637a84c1"
      url: "https://pub.dev"
    source: hosted
    version: "1.0.4"
  sky_engine:
    dependency: transitive
    description: flutter
    source: sdk
    version: "0.0.99"
  source_span:
    dependency: transitive
    description:
      name: source_span
      sha256: "53e943d4206a5e30df338fd4c6e7a077e02254531b138a15aec3bd143c1a8b3c"
      url: "https://pub.dev"
    source: hosted
    version: "1.10.0"
  stack_trace:
    dependency: transitive
    description:
      name: stack_trace
      sha256: c3c7d8edb15bee7f0f74debd4b9c5f3c2ea86766fe4178eb2a18eb30a0bdaed5
      url: "https://pub.dev"
    source: hosted
    version: "1.11.0"
  stream_channel:
    dependency: transitive
    description:
      name: stream_channel
      sha256: "83615bee9045c1d322bbbd1ba209b7a749c2cbcdcb3fdd1df8eb488b3279c1c8"
      url: "https://pub.dev"
    source: hosted
    version: "2.1.1"
  stream_transform:
    dependency: transitive
    description:
      name: stream_transform
      sha256: "14a00e794c7c11aa145a170587321aedce29769c08d7f58b1d141da75e3b1c6f"
      url: "https://pub.dev"
    source: hosted
    version: "2.1.0"
  string_scanner:
    dependency: transitive
    description:
      name: string_scanner
      sha256: "556692adab6cfa87322a115640c11f13cb77b3f076ddcc5d6ae3c20242bedcde"
      url: "https://pub.dev"
    source: hosted
    version: "1.2.0"
  term_glyph:
    dependency: transitive
    description:
      name: term_glyph
      sha256: a29248a84fbb7c79282b40b8c72a1209db169a2e0542bce341da992fe1bc7e84
      url: "https://pub.dev"
    source: hosted
    version: "1.2.1"
  test_api:
    dependency: transitive
    description:
      name: test_api
      sha256: "75760ffd7786fffdfb9597c35c5b27eaeec82be8edfb6d71d32651128ed7aab8"
      url: "https://pub.dev"
    source: hosted
    version: "0.6.0"
  tuple:
    dependency: transitive
    description:
      name: tuple
      sha256: a97ce2013f240b2f3807bcbaf218765b6f301c3eff91092bcfa23a039e7dd151
      url: "https://pub.dev"
    source: hosted
    version: "2.0.2"
  typed_data:
    dependency: transitive
    description:
      name: typed_data
      sha256: facc8d6582f16042dd49f2463ff1bd6e2c9ef9f3d5da3d9b087e244a7b564b3c
      url: "https://pub.dev"
    source: hosted
    version: "1.3.2"
  uuid:
    dependency: transitive
    description:
      name: uuid
      sha256: "648e103079f7c64a36dc7d39369cabb358d377078a051d6ae2ad3aa539519313"
      url: "https://pub.dev"
    source: hosted
    version: "3.0.7"
  validators:
    dependency: transitive
    description:
      name: validators
      sha256: "884515951f831a9c669a41ed6c4d3c61c2a0e8ec6bca761a4480b28e99cecf5d"
      url: "https://pub.dev"
    source: hosted
    version: "3.0.0"
  vector_math:
    dependency: transitive
    description:
      name: vector_math
      sha256: "80b3257d1492ce4d091729e3a67a60407d227c27241d6927be0130c98e741803"
      url: "https://pub.dev"
    source: hosted
    version: "2.1.4"
  wallet:
    dependency: transitive
    description:
      name: wallet
      sha256: "569c91c2af13a9e1119c001f9c09218eccf3f383eb8d15ba13a5b558010c1bc0"
      url: "https://pub.dev"
    source: hosted
    version: "0.0.12+1"
  web:
    dependency: transitive
    description:
      name: web
      sha256: dc8ccd225a2005c1be616fe02951e2e342092edf968cf0844220383757ef8f10
      url: "https://pub.dev"
    source: hosted
    version: "0.1.4-beta"
  web3dart:
    dependency: transitive
    description:
      name: web3dart
      sha256: "0b96223a6b284e3146e65dc842ded139eca68a85c4ab79c5ba1a73284927d3cd"
      url: "https://pub.dev"
    source: hosted
    version: "2.6.1"
  web_socket_channel:
    dependency: transitive
    description:
      name: web_socket_channel
      sha256: d88238e5eac9a42bb43ca4e721edba3c08c6354d4a53063afaa568516217621b
      url: "https://pub.dev"
    source: hosted
    version: "2.4.0"
  webview_flutter:
    dependency: transitive
    description:
      name: webview_flutter
      sha256: c1ab9b81090705c6069197d9fdc1625e587b52b8d70cdde2339d177ad0dbb98e
      url: "https://pub.dev"
    source: hosted
    version: "4.4.1"
  webview_flutter_android:
    dependency: transitive
    description:
      name: webview_flutter_android
      sha256: b0cd33dd7d3dd8e5f664e11a19e17ba12c352647269921a3b568406b001f1dff
      url: "https://pub.dev"
    source: hosted
    version: "3.12.0"
  webview_flutter_platform_interface:
    dependency: transitive
    description:
      name: webview_flutter_platform_interface
      sha256: "6d9213c65f1060116757a7c473247c60f3f7f332cac33dc417c9e362a9a13e4f"
      url: "https://pub.dev"
    source: hosted
    version: "2.6.0"
  webview_flutter_wkwebview:
    dependency: transitive
    description:
      name: webview_flutter_wkwebview
      sha256: b4b42295b3aa91ed22ba6d3dd7de56efbb8f3ab3d6e41d8b1615d13537c7801d
      url: "https://pub.dev"
    source: hosted
    version: "3.9.2"
  win32:
    dependency: transitive
    description:
      name: win32
      sha256: "5a751eddf9db89b3e5f9d50c20ab8612296e4e8db69009788d6c8b060a84191c"
      url: "https://pub.dev"
    source: hosted
    version: "4.1.4"
  yaml:
    dependency: transitive
    description:
      name: yaml
      sha256: "75769501ea3489fca56601ff33454fe45507ea3bfb014161abc3b43ae25989d5"
      url: "https://pub.dev"
    source: hosted
    version: "3.1.2"
sdks:
  dart: ">=3.1.2 <4.0.0"
  flutter: ">=3.7.0"
